
Microsoft Visual Studio Solution File, Format Version 12.00
# Visual Studio Version 17
VisualStudioVersion = 17.0.31903.59
MinimumVisualStudioVersion = 10.0.40219.1
Project("{FAE04EC0-301F-11D3-BF4B-00C04F79EFBC}") = "theleagueFFL", "theleagueFFL\theleagueFFL.csproj", "{7D9EE1C7-B4B3-4493-BD32-82470159E61D}"
EndProject
Project("{2150E333-8FDC-42A3-9474-1A3956D46DE8}") = "cli", "cli", "{036EDA1B-D3F0-445B-AA8E-6953A214EB39}"
EndProject
Project("{FAE04EC0-301F-11D3-BF4B-00C04F79EFBC}") = "playerload", "cli\playerload\playerload.csproj", "{D7A03F06-1D9C-4FE6-AAE8-162042F9BD7E}"
EndProject
Project("{FAE04EC0-301F-11D3-BF4B-00C04F79EFBC}") = "loadplayers", "cli\loadplayers\loadplayers.csproj", "{E43A9B39-57BA-48E3-8E24-EAAE81B5712C}"
EndProject
Global
	GlobalSection(SolutionConfigurationPlatforms) = preSolution
		Debug|Any CPU = Debug|Any CPU
		Release|Any CPU = Release|Any CPU
	EndGlobalSection
	GlobalSection(SolutionProperties) = preSolution
		HideSolutionNode = FALSE
	EndGlobalSection
	GlobalSection(ProjectConfigurationPlatforms) = postSolution
		{7D9EE1C7-B4B3-4493-BD32-82470159E61D}.Debug|Any CPU.ActiveCfg = Debug|Any CPU
		{7D9EE1C7-B4B3-4493-BD32-82470159E61D}.Debug|Any CPU.Build.0 = Debug|Any CPU
		{7D9EE1C7-B4B3-4493-BD32-82470159E61D}.Release|Any CPU.ActiveCfg = Release|Any CPU
		{7D9EE1C7-B4B3-4493-BD32-82470159E61D}.Release|Any CPU.Build.0 = Release|Any CPU
		{D7A03F06-1D9C-4FE6-AAE8-162042F9BD7E}.Debug|Any CPU.ActiveCfg = Debug|Any CPU
		{D7A03F06-1D9C-4FE6-AAE8-162042F9BD7E}.Debug|Any CPU.Build.0 = Debug|Any CPU
		{D7A03F06-1D9C-4FE6-AAE8-162042F9BD7E}.Release|Any CPU.ActiveCfg = Release|Any CPU
		{D7A03F06-1D9C-4FE6-AAE8-162042F9BD7E}.Release|Any CPU.Build.0 = Release|Any CPU
		{E43A9B39-57BA-48E3-8E24-EAAE81B5712C}.Debug|Any CPU.ActiveCfg = Debug|Any CPU
		{E43A9B39-57BA-48E3-8E24-EAAE81B5712C}.Debug|Any CPU.Build.0 = Debug|Any CPU
		{E43A9B39-57BA-48E3-8E24-EAAE81B5712C}.Release|Any CPU.ActiveCfg = Release|Any CPU
		{E43A9B39-57BA-48E3-8E24-EAAE81B5712C}.Release|Any CPU.Build.0 = Release|Any CPU
	EndGlobalSection
	GlobalSection(NestedProjects) = preSolution
		{D7A03F06-1D9C-4FE6-AAE8-162042F9BD7E} = {036EDA1B-D3F0-445B-AA8E-6953A214EB39}
		{E43A9B39-57BA-48E3-8E24-EAAE81B5712C} = {036EDA1B-D3F0-445B-AA8E-6953A214EB39}
	EndGlobalSection
EndGlobal
